
Microsoft Visual Studio Solution File, Format Version 12.00
# Visual Studio 15
Project("{FAE04EC0-301F-11D3-BF4B-00C04F79EFBC}") = "Assembly-CSharp", "Assembly-CSharp.csproj", "{6236982A-82C2-7BE4-1E68-97B9626B726D}"
EndProject
Project("{FAE04EC0-301F-11D3-BF4B-00C04F79EFBC}") = "Assembly-CSharp-Editor", "Assembly-CSharp-Editor.csproj", "{FE90B85F-AFF9-5636-58FE-E7534BB608BA}"
EndProject
Global
	GlobalSection(SolutionConfigurationPlatforms) = preSolution
		Debug|Any CPU = Debug|Any CPU
		Release|Any CPU = Release|Any CPU
	EndGlobalSection
	GlobalSection(ProjectConfigurationPlatforms) = postSolution
		{6236982A-82C2-7BE4-1E68-97B9626B726D}.Debug|Any CPU.ActiveCfg = Debug|Any CPU
		{6236982A-82C2-7BE4-1E68-97B9626B726D}.Debug|Any CPU.Build.0 = Debug|Any CPU
		{6236982A-82C2-7BE4-1E68-97B9626B726D}.Release|Any CPU.ActiveCfg = Release|Any CPU
		{6236982A-82C2-7BE4-1E68-97B9626B726D}.Release|Any CPU.Build.0 = Release|Any CPU
		{FE90B85F-AFF9-5636-58FE-E7534BB608BA}.Debug|Any CPU.ActiveCfg = Debug|Any CPU
		{FE90B85F-AFF9-5636-58FE-E7534BB608BA}.Debug|Any CPU.Build.0 = Debug|Any CPU
		{FE90B85F-AFF9-5636-58FE-E7534BB608BA}.Release|Any CPU.ActiveCfg = Release|Any CPU
		{FE90B85F-AFF9-5636-58FE-E7534BB608BA}.Release|Any CPU.Build.0 = Release|Any CPU
	EndGlobalSection
	GlobalSection(SolutionProperties) = preSolution
		HideSolutionNode = FALSE
	EndGlobalSection
EndGlobal
